
Microsoft Visual Studio Solution File, Format Version 12.00
# Visual Studio 14
VisualStudioVersion = 14.0.25123.0
MinimumVisualStudioVersion = 10.0.40219.1
Project("{2150E333-8FDC-42A3-9474-1A3956D46DE8}") = "Engine", "Engine", "{EC79F216-19FD-4207-960B-A2A26D236F15}"
EndProject
Project("{2150E333-8FDC-42A3-9474-1A3956D46DE8}") = "Games", "Games", "{73CC063D-1A0D-45E5-8173-C8D2C1D10163}"
EndProject
Project("{8BC9CEB8-8B4A-11D0-8D11-00A0C91BC942}") = "UE4", "Intermediate\ProjectFiles\UE4.vcxproj", "{E93075D3-2B6A-4FB6-9316-9154297C2C55}"
EndProject
Project("{8BC9CEB8-8B4A-11D0-8D11-00A0C91BC942}") = "BuildingEscape", "Intermediate\ProjectFiles\BuildingEscape.vcxproj", "{9EDEDB03-BE77-49DF-9534-1F04EF1D7AC7}"
EndProject
Global
	GlobalSection(SolutionConfigurationPlatforms) = preSolution
		DebugGame Editor|Win32 = DebugGame Editor|Win32
		DebugGame Editor|Win64 = DebugGame Editor|Win64
		DebugGame|Win32 = DebugGame|Win32
		DebugGame|Win64 = DebugGame|Win64
		Development Editor|Win32 = Development Editor|Win32
		Development Editor|Win64 = Development Editor|Win64
		Development|Win32 = Development|Win32
		Development|Win64 = Development|Win64
		Shipping|Win32 = Shipping|Win32
		Shipping|Win64 = Shipping|Win64
	EndGlobalSection
	GlobalSection(ProjectConfigurationPlatforms) = postSolution
		{E93075D3-2B6A-4FB6-9316-9154297C2C55}.DebugGame Editor|Win32.ActiveCfg = BuiltWithUnrealBuildTool|Win32
		{E93075D3-2B6A-4FB6-9316-9154297C2C55}.DebugGame Editor|Win32.Build.0 = BuiltWithUnrealBuildTool|Win32
		{E93075D3-2B6A-4FB6-9316-9154297C2C55}.DebugGame Editor|Win64.ActiveCfg = BuiltWithUnrealBuildTool|Win32
		{E93075D3-2B6A-4FB6-9316-9154297C2C55}.DebugGame Editor|Win64.Build.0 = BuiltWithUnrealBuildTool|Win32
		{E93075D3-2B6A-4FB6-9316-9154297C2C55}.DebugGame|Win32.ActiveCfg = BuiltWithUnrealBuildTool|Win32
		{E93075D3-2B6A-4FB6-9316-9154297C2C55}.DebugGame|Win32.Build.0 = BuiltWithUnrealBuildTool|Win32
		{E93075D3-2B6A-4FB6-9316-9154297C2C55}.DebugGame|Win64.ActiveCfg = BuiltWithUnrealBuildTool|Win32
		{E93075D3-2B6A-4FB6-9316-9154297C2C55}.DebugGame|Win64.Build.0 = BuiltWithUnrealBuildTool|Win32
		{E93075D3-2B6A-4FB6-9316-9154297C2C55}.Development Editor|Win32.ActiveCfg = BuiltWithUnrealBuildTool|Win32
		{E93075D3-2B6A-4FB6-9316-9154297C2C55}.Development Editor|Win32.Build.0 = BuiltWithUnrealBuildTool|Win32
		{E93075D3-2B6A-4FB6-9316-9154297C2C55}.Development Editor|Win64.ActiveCfg = BuiltWithUnrealBuildTool|Win32
		{E93075D3-2B6A-4FB6-9316-9154297C2C55}.Development Editor|Win64.Build.0 = BuiltWithUnrealBuildTool|Win32
		{E93075D3-2B6A-4FB6-9316-9154297C2C55}.Development|Win32.ActiveCfg = BuiltWithUnrealBuildTool|Win32
		{E93075D3-2B6A-4FB6-9316-9154297C2C55}.Development|Win32.Build.0 = BuiltWithUnrealBuildTool|Win32
		{E93075D3-2B6A-4FB6-9316-9154297C2C55}.Development|Win64.ActiveCfg = BuiltWithUnrealBuildTool|Win32
		{E93075D3-2B6A-4FB6-9316-9154297C2C55}.Development|Win64.Build.0 = BuiltWithUnrealBuildTool|Win32
		{E93075D3-2B6A-4FB6-9316-9154297C2C55}.Shipping|Win32.ActiveCfg = BuiltWithUnrealBuildTool|Win32
		{E93075D3-2B6A-4FB6-9316-9154297C2C55}.Shipping|Win32.Build.0 = BuiltWithUnrealBuildTool|Win32
		{E93075D3-2B6A-4FB6-9316-9154297C2C55}.Shipping|Win64.ActiveCfg = BuiltWithUnrealBuildTool|Win32
		{E93075D3-2B6A-4FB6-9316-9154297C2C55}.Shipping|Win64.Build.0 = BuiltWithUnrealBuildTool|Win32
		{9EDEDB03-BE77-49DF-9534-1F04EF1D7AC7}.DebugGame Editor|Win32.ActiveCfg = DebugGame_Editor|Win32
		{9EDEDB03-BE77-49DF-9534-1F04EF1D7AC7}.DebugGame Editor|Win32.Build.0 = DebugGame_Editor|Win32
		{9EDEDB03-BE77-49DF-9534-1F04EF1D7AC7}.DebugGame Editor|Win64.ActiveCfg = DebugGame_Editor|x64
		{9EDEDB03-BE77-49DF-9534-1F04EF1D7AC7}.DebugGame Editor|Win64.Build.0 = DebugGame_Editor|x64
		{9EDEDB03-BE77-49DF-9534-1F04EF1D7AC7}.DebugGame|Win32.ActiveCfg = DebugGame_Game|Win32
		{9EDEDB03-BE77-49DF-9534-1F04EF1D7AC7}.DebugGame|Win32.Build.0 = DebugGame_Game|Win32
		{9EDEDB03-BE77-49DF-9534-1F04EF1D7AC7}.DebugGame|Win64.ActiveCfg = DebugGame_Game|x64
		{9EDEDB03-BE77-49DF-9534-1F04EF1D7AC7}.DebugGame|Win64.Build.0 = DebugGame_Game|x64
		{9EDEDB03-BE77-49DF-9534-1F04EF1D7AC7}.Development Editor|Win32.ActiveCfg = Development_Editor|Win32
		{9EDEDB03-BE77-49DF-9534-1F04EF1D7AC7}.Development Editor|Win32.Build.0 = Development_Editor|Win32
		{9EDEDB03-BE77-49DF-9534-1F04EF1D7AC7}.Development Editor|Win64.ActiveCfg = Development_Editor|x64
		{9EDEDB03-BE77-49DF-9534-1F04EF1D7AC7}.Development Editor|Win64.Build.0 = Development_Editor|x64
		{9EDEDB03-BE77-49DF-9534-1F04EF1D7AC7}.Development|Win32.ActiveCfg = Development_Game|Win32
		{9EDEDB03-BE77-49DF-9534-1F04EF1D7AC7}.Development|Win32.Build.0 = Development_Game|Win32
		{9EDEDB03-BE77-49DF-9534-1F04EF1D7AC7}.Development|Win64.ActiveCfg = Development_Game|x64
		{9EDEDB03-BE77-49DF-9534-1F04EF1D7AC7}.Development|Win64.Build.0 = Development_Game|x64
		{9EDEDB03-BE77-49DF-9534-1F04EF1D7AC7}.Shipping|Win32.ActiveCfg = Shipping_Game|Win32
		{9EDEDB03-BE77-49DF-9534-1F04EF1D7AC7}.Shipping|Win32.Build.0 = Shipping_Game|Win32
		{9EDEDB03-BE77-49DF-9534-1F04EF1D7AC7}.Shipping|Win64.ActiveCfg = Shipping_Game|x64
		{9EDEDB03-BE77-49DF-9534-1F04EF1D7AC7}.Shipping|Win64.Build.0 = Shipping_Game|x64
	EndGlobalSection
	GlobalSection(SolutionProperties) = preSolution
		HideSolutionNode = FALSE
	EndGlobalSection
	GlobalSection(NestedProjects) = preSolution
		{E93075D3-2B6A-4FB6-9316-9154297C2C55} = {EC79F216-19FD-4207-960B-A2A26D236F15}
		{9EDEDB03-BE77-49DF-9534-1F04EF1D7AC7} = {73CC063D-1A0D-45E5-8173-C8D2C1D10163}
	EndGlobalSection
EndGlobal
